
Microsoft Visual Studio Solution File, Format Version 12.00
# Visual Studio Version 17
VisualStudioVersion = 17.9.34728.123
MinimumVisualStudioVersion = 10.0.40219.1
Project("{FAE04EC0-301F-11D3-BF4B-00C04F79EFBC}") = "AudioCompressor", "AudioCompressor.csproj", "{B3007489-83EA-4915-82B3-7C4138861912}"
EndProject
Global
	GlobalSection(SolutionConfigurationPlatforms) = preSolution
		Debug|Any CPU = Debug|Any CPU
		Release|Any CPU = Release|Any CPU
	EndGlobalSection
	GlobalSection(ProjectConfigurationPlatforms) = postSolution
		{B3007489-83EA-4915-82B3-7C4138861912}.Debug|Any CPU.ActiveCfg = Debug|Any CPU
		{B3007489-83EA-4915-82B3-7C4138861912}.Debug|Any CPU.Build.0 = Debug|Any CPU
		{B3007489-83EA-4915-82B3-7C4138861912}.Release|Any CPU.ActiveCfg = Release|Any CPU
		{B3007489-83EA-4915-82B3-7C4138861912}.Release|Any CPU.Build.0 = Release|Any CPU
	EndGlobalSection
	GlobalSection(SolutionProperties) = preSolution
		HideSolutionNode = FALSE
	EndGlobalSection
	GlobalSection(ExtensibilityGlobals) = postSolution
		SolutionGuid = {0E457743-E8EB-422F-B01C-C2070C0AB21D}
	EndGlobalSection
EndGlobal
